
Microsoft Visual Studio Solution File, Format Version 12.00
# Visual Studio Version 17
VisualStudioVersion = 17.12.35514.174
MinimumVisualStudioVersion = 10.0.40219.1
Project("{FAE04EC0-301F-11D3-BF4B-00C04F79EFBC}") = "Konnect.Contract", "Konnect.Contract\Konnect.Contract.csproj", "{A827EBD6-EAB1-45AB-9D3B-5153BC1E0806}"
EndProject
Project("{FAE04EC0-301F-11D3-BF4B-00C04F79EFBC}") = "Konnect", "Konnect\Konnect.csproj", "{6D1B4203-E78B-4F80-A4E3-0D1C131756C9}"
EndProject
Global
	GlobalSection(SolutionConfigurationPlatforms) = preSolution
		Debug|Any CPU = Debug|Any CPU
		Release|Any CPU = Release|Any CPU
	EndGlobalSection
	GlobalSection(ProjectConfigurationPlatforms) = postSolution
		{A827EBD6-EAB1-45AB-9D3B-5153BC1E0806}.Debug|Any CPU.ActiveCfg = Debug|Any CPU
		{A827EBD6-EAB1-45AB-9D3B-5153BC1E0806}.Debug|Any CPU.Build.0 = Debug|Any CPU
		{A827EBD6-EAB1-45AB-9D3B-5153BC1E0806}.Release|Any CPU.ActiveCfg = Release|Any CPU
		{A827EBD6-EAB1-45AB-9D3B-5153BC1E0806}.Release|Any CPU.Build.0 = Release|Any CPU
		{6D1B4203-E78B-4F80-A4E3-0D1C131756C9}.Debug|Any CPU.ActiveCfg = Debug|Any CPU
		{6D1B4203-E78B-4F80-A4E3-0D1C131756C9}.Debug|Any CPU.Build.0 = Debug|Any CPU
		{6D1B4203-E78B-4F80-A4E3-0D1C131756C9}.Release|Any CPU.ActiveCfg = Release|Any CPU
		{6D1B4203-E78B-4F80-A4E3-0D1C131756C9}.Release|Any CPU.Build.0 = Release|Any CPU
	EndGlobalSection
	GlobalSection(SolutionProperties) = preSolution
		HideSolutionNode = FALSE
	EndGlobalSection
EndGlobal
