
Microsoft Visual Studio Solution File, Format Version 12.00
# Visual Studio Version 17
VisualStudioVersion = 17.12.35514.174 d17.12
MinimumVisualStudioVersion = 10.0.40219.1
Project("{FAE04EC0-301F-11D3-BF4B-00C04F79EFBC}") = "Kryptography", "Kryptography\Kryptography.csproj", "{144DD63E-E5AB-463C-BB48-DA43E30E712F}"
EndProject
Project("{FAE04EC0-301F-11D3-BF4B-00C04F79EFBC}") = "Kryptography.Contract", "Kryptography.Contract\Kryptography.Contract.csproj", "{D58B260C-3CC7-4430-A43D-2564340E58E1}"
EndProject
Global
	GlobalSection(SolutionConfigurationPlatforms) = preSolution
		Debug|Any CPU = Debug|Any CPU
		Release|Any CPU = Release|Any CPU
	EndGlobalSection
	GlobalSection(ProjectConfigurationPlatforms) = postSolution
		{144DD63E-E5AB-463C-BB48-DA43E30E712F}.Debug|Any CPU.ActiveCfg = Debug|Any CPU
		{144DD63E-E5AB-463C-BB48-DA43E30E712F}.Debug|Any CPU.Build.0 = Debug|Any CPU
		{144DD63E-E5AB-463C-BB48-DA43E30E712F}.Release|Any CPU.ActiveCfg = Release|Any CPU
		{144DD63E-E5AB-463C-BB48-DA43E30E712F}.Release|Any CPU.Build.0 = Release|Any CPU
		{D58B260C-3CC7-4430-A43D-2564340E58E1}.Debug|Any CPU.ActiveCfg = Debug|Any CPU
		{D58B260C-3CC7-4430-A43D-2564340E58E1}.Debug|Any CPU.Build.0 = Debug|Any CPU
		{D58B260C-3CC7-4430-A43D-2564340E58E1}.Release|Any CPU.ActiveCfg = Release|Any CPU
		{D58B260C-3CC7-4430-A43D-2564340E58E1}.Release|Any CPU.Build.0 = Release|Any CPU
	EndGlobalSection
	GlobalSection(SolutionProperties) = preSolution
		HideSolutionNode = FALSE
	EndGlobalSection
EndGlobal
