
Microsoft Visual Studio Solution File, Format Version 12.00
# Visual Studio Version 17
VisualStudioVersion = 17.13.35931.197
MinimumVisualStudioVersion = 10.0.40219.1
Project("{FAE04EC0-301F-11D3-BF4B-00C04F79EFBC}") = "Izuto", "Izuto\Izuto.csproj", "{5DB58632-9B4E-4B5C-A2D9-3B69A3A57E7D}"
EndProject
Project("{2150E333-8FDC-42A3-9474-1A3956D46DE8}") = "Kuriimu2", "Kuriimu2", "{02EA681E-C7D8-13C7-8484-4AC65E1B71E8}"
EndProject
Project("{2150E333-8FDC-42A3-9474-1A3956D46DE8}") = "Tinke", "Tinke", "{A7CDF84E-5701-479D-A50D-9B49CE7D4386}"
EndProject
Project("{2150E333-8FDC-42A3-9474-1A3956D46DE8}") = "Plugins", "Plugins", "{750C9A74-A115-4C2B-9996-5B3A0F5B31D4}"
EndProject
Project("{FAE04EC0-301F-11D3-BF4B-00C04F79EFBC}") = "INAZUMA11", "tinke\Plugins\INAZUMA11\INAZUMA11\INAZUMA11.csproj", "{F4D1DFCF-CE40-4A1C-A6D9-2D88F99F9C69}"
EndProject
Project("{FAE04EC0-301F-11D3-BF4B-00C04F79EFBC}") = "Pack", "tinke\Plugins\Pack\Pack\Pack.csproj", "{FDAA874B-2A21-46B1-9C21-78D116AE2BE7}"
EndProject
Project("{2150E333-8FDC-42A3-9474-1A3956D46DE8}") = "lib", "lib", "{C5BBC7A2-27AE-4A7F-B818-4B7855A07188}"
EndProject
Project("{2150E333-8FDC-42A3-9474-1A3956D46DE8}") = "Kaligraphy", "Kaligraphy", "{C48007C7-6ACF-408B-A930-B679F02BEC67}"
EndProject
Project("{FAE04EC0-301F-11D3-BF4B-00C04F79EFBC}") = "Kaligraphy", "Kuriimu2\src\lib\Kaligraphy\Kaligraphy.csproj", "{91CB79F3-BFE5-CC29-C3F6-10924CE2FEB5}"
EndProject
Project("{FAE04EC0-301F-11D3-BF4B-00C04F79EFBC}") = "Kaligraphy.Contract", "Kuriimu2\src\lib\Kaligraphy.Contract\Kaligraphy.Contract.csproj", "{F523A54A-1362-8D70-FA24-3A29CFAE67D8}"
EndProject
Project("{2150E333-8FDC-42A3-9474-1A3956D46DE8}") = "Kanvas", "Kanvas", "{EE59BBD9-CF7F-455C-A4D2-EEC8F07AC798}"
EndProject
Project("{2150E333-8FDC-42A3-9474-1A3956D46DE8}") = "Komponent", "Komponent", "{68BF7B4B-1DBA-4575-BBAA-883F99323FEC}"
EndProject
Project("{2150E333-8FDC-42A3-9474-1A3956D46DE8}") = "Konnect", "Konnect", "{4AA89D04-610F-48A9-A3EB-F545461FD8A9}"
EndProject
Project("{2150E333-8FDC-42A3-9474-1A3956D46DE8}") = "Kompression", "Kompression", "{E7879880-021E-4991-8259-C3EA9689170C}"
EndProject
Project("{2150E333-8FDC-42A3-9474-1A3956D46DE8}") = "Kyrptography", "Kyrptography", "{477D96D5-C412-44BA-8A79-838A8B1065B0}"
EndProject
Project("{FAE04EC0-301F-11D3-BF4B-00C04F79EFBC}") = "Kanvas", "Kuriimu2\src\lib\Kanvas\Kanvas.csproj", "{13B46742-D9A4-7335-9B6B-1F74255ABF28}"
EndProject
Project("{FAE04EC0-301F-11D3-BF4B-00C04F79EFBC}") = "Kanvas.Contract", "Kuriimu2\src\lib\Kanvas.Contract\Kanvas.Contract.csproj", "{4D89A03E-10CB-4B89-357F-2A32FD279B7B}"
EndProject
Project("{FAE04EC0-301F-11D3-BF4B-00C04F79EFBC}") = "Komponent", "Kuriimu2\src\lib\Komponent\Komponent.csproj", "{33F4B959-489F-727A-7083-A45056A50DB7}"
EndProject
Project("{FAE04EC0-301F-11D3-BF4B-00C04F79EFBC}") = "Komponent.Contract", "Kuriimu2\src\lib\Komponent.Contract\Komponent.Contract.csproj", "{4A182C6A-BDA5-66CB-95D7-5B16038B6868}"
EndProject
Project("{FAE04EC0-301F-11D3-BF4B-00C04F79EFBC}") = "Kompression", "Kuriimu2\src\lib\Kompression\Kompression.csproj", "{ECB78196-13E3-CBFF-646F-0B5401560CB9}"
EndProject
Project("{FAE04EC0-301F-11D3-BF4B-00C04F79EFBC}") = "Kompression.Contract", "Kuriimu2\src\lib\Kompression.Contract\Kompression.Contract.csproj", "{DCD534D9-72F4-B2DA-6C36-2DFDDC463269}"
EndProject
Project("{FAE04EC0-301F-11D3-BF4B-00C04F79EFBC}") = "Konnect", "Kuriimu2\src\lib\Konnect\Konnect.csproj", "{F51AA3AD-58EA-B3A9-3403-4069F1F68EA4}"
EndProject
Project("{FAE04EC0-301F-11D3-BF4B-00C04F79EFBC}") = "Konnect.Contract", "Kuriimu2\src\lib\Konnect.Contract\Konnect.Contract.csproj", "{8F27C8A5-C736-07E5-3B95-83BD5DE3BD3C}"
EndProject
Project("{FAE04EC0-301F-11D3-BF4B-00C04F79EFBC}") = "Kryptography", "Kuriimu2\src\lib\Kryptography\Kryptography.csproj", "{2738A75D-66CB-B959-2EFC-4CAA9741C2F7}"
EndProject
Project("{FAE04EC0-301F-11D3-BF4B-00C04F79EFBC}") = "Kryptography.Contract", "Kuriimu2\src\lib\Kryptography.Contract\Kryptography.Contract.csproj", "{E0DA77A8-8BB8-767B-8AA8-C6560C5C3555}"
EndProject
Project("{2150E333-8FDC-42A3-9474-1A3956D46DE8}") = "plugins", "plugins", "{FD86F7C3-F09E-40EB-B227-D875291C9144}"
EndProject
Project("{FAE04EC0-301F-11D3-BF4B-00C04F79EFBC}") = "plugin_level5", "Kuriimu2\plugins\Level5\plugin_level5\plugin_level5.csproj", "{33BF364A-713F-6333-DBF3-65B7E55C53E1}"
EndProject
Project("{FAE04EC0-301F-11D3-BF4B-00C04F79EFBC}") = "plugin_level5_preview", "Kuriimu2\plugins\Level5\plugin_level5_preview\plugin_level5_preview.csproj", "{0A206640-D8A1-55B1-FA47-E3763343D5CA}"
EndProject
Project("{FAE04EC0-301F-11D3-BF4B-00C04F79EFBC}") = "plugin_nintendo", "Kuriimu2\plugins\Nintendo\plugin_nintendo\plugin_nintendo.csproj", "{0F693981-ED87-F26B-3D1C-896494226F42}"
EndProject
Project("{FAE04EC0-301F-11D3-BF4B-00C04F79EFBC}") = "Ekona", "tinke\Ekona\Ekona.csproj", "{736010D3-F72F-4C56-B8D2-2EDD1B8F3A87}"
EndProject
Project("{FAE04EC0-301F-11D3-BF4B-00C04F79EFBC}") = "DSDecmp", "tinke\Plugins\DSDecmp\DSDecmp\DSDecmp.csproj", "{E6F419F9-D6B5-4BE7-99BB-97C48C927FF3}"
EndProject
Global
	GlobalSection(SolutionConfigurationPlatforms) = preSolution
		Debug|Any CPU = Debug|Any CPU
		Release|Any CPU = Release|Any CPU
	EndGlobalSection
	GlobalSection(ProjectConfigurationPlatforms) = postSolution
		{5DB58632-9B4E-4B5C-A2D9-3B69A3A57E7D}.Debug|Any CPU.ActiveCfg = Debug|Any CPU
		{5DB58632-9B4E-4B5C-A2D9-3B69A3A57E7D}.Debug|Any CPU.Build.0 = Debug|Any CPU
		{5DB58632-9B4E-4B5C-A2D9-3B69A3A57E7D}.Release|Any CPU.ActiveCfg = Release|Any CPU
		{5DB58632-9B4E-4B5C-A2D9-3B69A3A57E7D}.Release|Any CPU.Build.0 = Release|Any CPU
		{F4D1DFCF-CE40-4A1C-A6D9-2D88F99F9C69}.Debug|Any CPU.ActiveCfg = Debug|Any CPU
		{F4D1DFCF-CE40-4A1C-A6D9-2D88F99F9C69}.Debug|Any CPU.Build.0 = Debug|Any CPU
		{F4D1DFCF-CE40-4A1C-A6D9-2D88F99F9C69}.Release|Any CPU.ActiveCfg = Release|Any CPU
		{F4D1DFCF-CE40-4A1C-A6D9-2D88F99F9C69}.Release|Any CPU.Build.0 = Release|Any CPU
		{FDAA874B-2A21-46B1-9C21-78D116AE2BE7}.Debug|Any CPU.ActiveCfg = Debug|Any CPU
		{FDAA874B-2A21-46B1-9C21-78D116AE2BE7}.Debug|Any CPU.Build.0 = Debug|Any CPU
		{FDAA874B-2A21-46B1-9C21-78D116AE2BE7}.Release|Any CPU.ActiveCfg = Release|Any CPU
		{FDAA874B-2A21-46B1-9C21-78D116AE2BE7}.Release|Any CPU.Build.0 = Release|Any CPU
		{91CB79F3-BFE5-CC29-C3F6-10924CE2FEB5}.Debug|Any CPU.ActiveCfg = Debug|Any CPU
		{91CB79F3-BFE5-CC29-C3F6-10924CE2FEB5}.Debug|Any CPU.Build.0 = Debug|Any CPU
		{91CB79F3-BFE5-CC29-C3F6-10924CE2FEB5}.Release|Any CPU.ActiveCfg = Release|Any CPU
		{91CB79F3-BFE5-CC29-C3F6-10924CE2FEB5}.Release|Any CPU.Build.0 = Release|Any CPU
		{F523A54A-1362-8D70-FA24-3A29CFAE67D8}.Debug|Any CPU.ActiveCfg = Debug|Any CPU
		{F523A54A-1362-8D70-FA24-3A29CFAE67D8}.Debug|Any CPU.Build.0 = Debug|Any CPU
		{F523A54A-1362-8D70-FA24-3A29CFAE67D8}.Release|Any CPU.ActiveCfg = Release|Any CPU
		{F523A54A-1362-8D70-FA24-3A29CFAE67D8}.Release|Any CPU.Build.0 = Release|Any CPU
		{13B46742-D9A4-7335-9B6B-1F74255ABF28}.Debug|Any CPU.ActiveCfg = Debug|Any CPU
		{13B46742-D9A4-7335-9B6B-1F74255ABF28}.Debug|Any CPU.Build.0 = Debug|Any CPU
		{13B46742-D9A4-7335-9B6B-1F74255ABF28}.Release|Any CPU.ActiveCfg = Release|Any CPU
		{13B46742-D9A4-7335-9B6B-1F74255ABF28}.Release|Any CPU.Build.0 = Release|Any CPU
		{4D89A03E-10CB-4B89-357F-2A32FD279B7B}.Debug|Any CPU.ActiveCfg = Debug|Any CPU
		{4D89A03E-10CB-4B89-357F-2A32FD279B7B}.Debug|Any CPU.Build.0 = Debug|Any CPU
		{4D89A03E-10CB-4B89-357F-2A32FD279B7B}.Release|Any CPU.ActiveCfg = Release|Any CPU
		{4D89A03E-10CB-4B89-357F-2A32FD279B7B}.Release|Any CPU.Build.0 = Release|Any CPU
		{33F4B959-489F-727A-7083-A45056A50DB7}.Debug|Any CPU.ActiveCfg = Debug|Any CPU
		{33F4B959-489F-727A-7083-A45056A50DB7}.Debug|Any CPU.Build.0 = Debug|Any CPU
		{33F4B959-489F-727A-7083-A45056A50DB7}.Release|Any CPU.ActiveCfg = Release|Any CPU
		{33F4B959-489F-727A-7083-A45056A50DB7}.Release|Any CPU.Build.0 = Release|Any CPU
		{4A182C6A-BDA5-66CB-95D7-5B16038B6868}.Debug|Any CPU.ActiveCfg = Debug|Any CPU
		{4A182C6A-BDA5-66CB-95D7-5B16038B6868}.Debug|Any CPU.Build.0 = Debug|Any CPU
		{4A182C6A-BDA5-66CB-95D7-5B16038B6868}.Release|Any CPU.ActiveCfg = Release|Any CPU
		{4A182C6A-BDA5-66CB-95D7-5B16038B6868}.Release|Any CPU.Build.0 = Release|Any CPU
		{ECB78196-13E3-CBFF-646F-0B5401560CB9}.Debug|Any CPU.ActiveCfg = Debug|Any CPU
		{ECB78196-13E3-CBFF-646F-0B5401560CB9}.Debug|Any CPU.Build.0 = Debug|Any CPU
		{ECB78196-13E3-CBFF-646F-0B5401560CB9}.Release|Any CPU.ActiveCfg = Release|Any CPU
		{ECB78196-13E3-CBFF-646F-0B5401560CB9}.Release|Any CPU.Build.0 = Release|Any CPU
		{DCD534D9-72F4-B2DA-6C36-2DFDDC463269}.Debug|Any CPU.ActiveCfg = Debug|Any CPU
		{DCD534D9-72F4-B2DA-6C36-2DFDDC463269}.Debug|Any CPU.Build.0 = Debug|Any CPU
		{DCD534D9-72F4-B2DA-6C36-2DFDDC463269}.Release|Any CPU.ActiveCfg = Release|Any CPU
		{DCD534D9-72F4-B2DA-6C36-2DFDDC463269}.Release|Any CPU.Build.0 = Release|Any CPU
		{F51AA3AD-58EA-B3A9-3403-4069F1F68EA4}.Debug|Any CPU.ActiveCfg = Debug|Any CPU
		{F51AA3AD-58EA-B3A9-3403-4069F1F68EA4}.Debug|Any CPU.Build.0 = Debug|Any CPU
		{F51AA3AD-58EA-B3A9-3403-4069F1F68EA4}.Release|Any CPU.ActiveCfg = Release|Any CPU
		{F51AA3AD-58EA-B3A9-3403-4069F1F68EA4}.Release|Any CPU.Build.0 = Release|Any CPU
		{8F27C8A5-C736-07E5-3B95-83BD5DE3BD3C}.Debug|Any CPU.ActiveCfg = Debug|Any CPU
		{8F27C8A5-C736-07E5-3B95-83BD5DE3BD3C}.Debug|Any CPU.Build.0 = Debug|Any CPU
		{8F27C8A5-C736-07E5-3B95-83BD5DE3BD3C}.Release|Any CPU.ActiveCfg = Release|Any CPU
		{8F27C8A5-C736-07E5-3B95-83BD5DE3BD3C}.Release|Any CPU.Build.0 = Release|Any CPU
		{2738A75D-66CB-B959-2EFC-4CAA9741C2F7}.Debug|Any CPU.ActiveCfg = Debug|Any CPU
		{2738A75D-66CB-B959-2EFC-4CAA9741C2F7}.Debug|Any CPU.Build.0 = Debug|Any CPU
		{2738A75D-66CB-B959-2EFC-4CAA9741C2F7}.Release|Any CPU.ActiveCfg = Release|Any CPU
		{2738A75D-66CB-B959-2EFC-4CAA9741C2F7}.Release|Any CPU.Build.0 = Release|Any CPU
		{E0DA77A8-8BB8-767B-8AA8-C6560C5C3555}.Debug|Any CPU.ActiveCfg = Debug|Any CPU
		{E0DA77A8-8BB8-767B-8AA8-C6560C5C3555}.Debug|Any CPU.Build.0 = Debug|Any CPU
		{E0DA77A8-8BB8-767B-8AA8-C6560C5C3555}.Release|Any CPU.ActiveCfg = Release|Any CPU
		{E0DA77A8-8BB8-767B-8AA8-C6560C5C3555}.Release|Any CPU.Build.0 = Release|Any CPU
		{33BF364A-713F-6333-DBF3-65B7E55C53E1}.Debug|Any CPU.ActiveCfg = Debug|Any CPU
		{33BF364A-713F-6333-DBF3-65B7E55C53E1}.Debug|Any CPU.Build.0 = Debug|Any CPU
		{33BF364A-713F-6333-DBF3-65B7E55C53E1}.Release|Any CPU.ActiveCfg = Release|Any CPU
		{33BF364A-713F-6333-DBF3-65B7E55C53E1}.Release|Any CPU.Build.0 = Release|Any CPU
		{0A206640-D8A1-55B1-FA47-E3763343D5CA}.Debug|Any CPU.ActiveCfg = Debug|Any CPU
		{0A206640-D8A1-55B1-FA47-E3763343D5CA}.Debug|Any CPU.Build.0 = Debug|Any CPU
		{0A206640-D8A1-55B1-FA47-E3763343D5CA}.Release|Any CPU.ActiveCfg = Release|Any CPU
		{0A206640-D8A1-55B1-FA47-E3763343D5CA}.Release|Any CPU.Build.0 = Release|Any CPU
		{0F693981-ED87-F26B-3D1C-896494226F42}.Debug|Any CPU.ActiveCfg = Debug|Any CPU
		{0F693981-ED87-F26B-3D1C-896494226F42}.Debug|Any CPU.Build.0 = Debug|Any CPU
		{0F693981-ED87-F26B-3D1C-896494226F42}.Release|Any CPU.ActiveCfg = Release|Any CPU
		{0F693981-ED87-F26B-3D1C-896494226F42}.Release|Any CPU.Build.0 = Release|Any CPU
		{736010D3-F72F-4C56-B8D2-2EDD1B8F3A87}.Debug|Any CPU.ActiveCfg = Debug|Any CPU
		{736010D3-F72F-4C56-B8D2-2EDD1B8F3A87}.Debug|Any CPU.Build.0 = Debug|Any CPU
		{736010D3-F72F-4C56-B8D2-2EDD1B8F3A87}.Release|Any CPU.ActiveCfg = Release|Any CPU
		{736010D3-F72F-4C56-B8D2-2EDD1B8F3A87}.Release|Any CPU.Build.0 = Release|Any CPU
		{E6F419F9-D6B5-4BE7-99BB-97C48C927FF3}.Debug|Any CPU.ActiveCfg = Debug|Any CPU
		{E6F419F9-D6B5-4BE7-99BB-97C48C927FF3}.Debug|Any CPU.Build.0 = Debug|Any CPU
		{E6F419F9-D6B5-4BE7-99BB-97C48C927FF3}.Release|Any CPU.ActiveCfg = Release|Any CPU
		{E6F419F9-D6B5-4BE7-99BB-97C48C927FF3}.Release|Any CPU.Build.0 = Release|Any CPU
	EndGlobalSection
	GlobalSection(SolutionProperties) = preSolution
		HideSolutionNode = FALSE
	EndGlobalSection
	GlobalSection(NestedProjects) = preSolution
		{750C9A74-A115-4C2B-9996-5B3A0F5B31D4} = {A7CDF84E-5701-479D-A50D-9B49CE7D4386}
		{F4D1DFCF-CE40-4A1C-A6D9-2D88F99F9C69} = {750C9A74-A115-4C2B-9996-5B3A0F5B31D4}
		{FDAA874B-2A21-46B1-9C21-78D116AE2BE7} = {750C9A74-A115-4C2B-9996-5B3A0F5B31D4}
		{C5BBC7A2-27AE-4A7F-B818-4B7855A07188} = {02EA681E-C7D8-13C7-8484-4AC65E1B71E8}
		{C48007C7-6ACF-408B-A930-B679F02BEC67} = {C5BBC7A2-27AE-4A7F-B818-4B7855A07188}
		{91CB79F3-BFE5-CC29-C3F6-10924CE2FEB5} = {C48007C7-6ACF-408B-A930-B679F02BEC67}
		{F523A54A-1362-8D70-FA24-3A29CFAE67D8} = {C48007C7-6ACF-408B-A930-B679F02BEC67}
		{EE59BBD9-CF7F-455C-A4D2-EEC8F07AC798} = {C5BBC7A2-27AE-4A7F-B818-4B7855A07188}
		{68BF7B4B-1DBA-4575-BBAA-883F99323FEC} = {C5BBC7A2-27AE-4A7F-B818-4B7855A07188}
		{4AA89D04-610F-48A9-A3EB-F545461FD8A9} = {C5BBC7A2-27AE-4A7F-B818-4B7855A07188}
		{E7879880-021E-4991-8259-C3EA9689170C} = {C5BBC7A2-27AE-4A7F-B818-4B7855A07188}
		{477D96D5-C412-44BA-8A79-838A8B1065B0} = {C5BBC7A2-27AE-4A7F-B818-4B7855A07188}
		{13B46742-D9A4-7335-9B6B-1F74255ABF28} = {EE59BBD9-CF7F-455C-A4D2-EEC8F07AC798}
		{4D89A03E-10CB-4B89-357F-2A32FD279B7B} = {EE59BBD9-CF7F-455C-A4D2-EEC8F07AC798}
		{33F4B959-489F-727A-7083-A45056A50DB7} = {68BF7B4B-1DBA-4575-BBAA-883F99323FEC}
		{4A182C6A-BDA5-66CB-95D7-5B16038B6868} = {68BF7B4B-1DBA-4575-BBAA-883F99323FEC}
		{ECB78196-13E3-CBFF-646F-0B5401560CB9} = {E7879880-021E-4991-8259-C3EA9689170C}
		{DCD534D9-72F4-B2DA-6C36-2DFDDC463269} = {E7879880-021E-4991-8259-C3EA9689170C}
		{F51AA3AD-58EA-B3A9-3403-4069F1F68EA4} = {4AA89D04-610F-48A9-A3EB-F545461FD8A9}
		{8F27C8A5-C736-07E5-3B95-83BD5DE3BD3C} = {4AA89D04-610F-48A9-A3EB-F545461FD8A9}
		{2738A75D-66CB-B959-2EFC-4CAA9741C2F7} = {477D96D5-C412-44BA-8A79-838A8B1065B0}
		{E0DA77A8-8BB8-767B-8AA8-C6560C5C3555} = {477D96D5-C412-44BA-8A79-838A8B1065B0}
		{FD86F7C3-F09E-40EB-B227-D875291C9144} = {02EA681E-C7D8-13C7-8484-4AC65E1B71E8}
		{33BF364A-713F-6333-DBF3-65B7E55C53E1} = {FD86F7C3-F09E-40EB-B227-D875291C9144}
		{0A206640-D8A1-55B1-FA47-E3763343D5CA} = {FD86F7C3-F09E-40EB-B227-D875291C9144}
		{0F693981-ED87-F26B-3D1C-896494226F42} = {FD86F7C3-F09E-40EB-B227-D875291C9144}
		{736010D3-F72F-4C56-B8D2-2EDD1B8F3A87} = {A7CDF84E-5701-479D-A50D-9B49CE7D4386}
		{E6F419F9-D6B5-4BE7-99BB-97C48C927FF3} = {A7CDF84E-5701-479D-A50D-9B49CE7D4386}
	EndGlobalSection
	GlobalSection(ExtensibilityGlobals) = postSolution
		SolutionGuid = {F727958A-0EDA-4B6F-A2C4-A98AB87BD5EC}
	EndGlobalSection
EndGlobal
